
Microsoft Visual Studio Solution File, Format Version 12.00
# Visual Studio Version 17
VisualStudioVersion = 17.5.33627.172
MinimumVisualStudioVersion = 10.0.40219.1
Project("{FAE04EC0-301F-11D3-BF4B-00C04F79EFBC}") = "Task2", "Task2\Task2.csproj", "{067BDD8D-3E09-4663-BF9A-693499BAF639}"
EndProject
Global
	GlobalSection(SolutionConfigurationPlatforms) = preSolution
		Debug|Any CPU = Debug|Any CPU
		Release|Any CPU = Release|Any CPU
	EndGlobalSection
	GlobalSection(ProjectConfigurationPlatforms) = postSolution
		{067BDD8D-3E09-4663-BF9A-693499BAF639}.Debug|Any CPU.ActiveCfg = Debug|Any CPU
		{067BDD8D-3E09-4663-BF9A-693499BAF639}.Debug|Any CPU.Build.0 = Debug|Any CPU
		{067BDD8D-3E09-4663-BF9A-693499BAF639}.Release|Any CPU.ActiveCfg = Release|Any CPU
		{067BDD8D-3E09-4663-BF9A-693499BAF639}.Release|Any CPU.Build.0 = Release|Any CPU
	EndGlobalSection
	GlobalSection(SolutionProperties) = preSolution
		HideSolutionNode = FALSE
	EndGlobalSection
	GlobalSection(ExtensibilityGlobals) = postSolution
		SolutionGuid = {0D85F7E0-029C-4DDB-9C70-50BEC1484EF8}
	EndGlobalSection
EndGlobal
